
Microsoft Visual Studio Solution File, Format Version 12.00
Project("{FAE04EC0-301F-11D3-BF4B-00C04F79EFBC}") = "Web", "Web\Web.csproj", "{06E1BBD5-8EA8-4352-A263-57017FAF1C5F}"
EndProject
Project("{FAE04EC0-301F-11D3-BF4B-00C04F79EFBC}") = "Models", "Models\Models.csproj", "{C42D3142-9252-432A-9CCC-86886DE9E8D8}"
EndProject
Project("{FAE04EC0-301F-11D3-BF4B-00C04F79EFBC}") = "DAL", "DAL\DAL.csproj", "{C798237F-BB2A-4678-BCA5-EC89B4E08704}"
EndProject
Global
	GlobalSection(SolutionConfigurationPlatforms) = preSolution
		Debug|Any CPU = Debug|Any CPU
		Release|Any CPU = Release|Any CPU
	EndGlobalSection
	GlobalSection(ProjectConfigurationPlatforms) = postSolution
		{06E1BBD5-8EA8-4352-A263-57017FAF1C5F}.Debug|Any CPU.ActiveCfg = Debug|Any CPU
		{06E1BBD5-8EA8-4352-A263-57017FAF1C5F}.Debug|Any CPU.Build.0 = Debug|Any CPU
		{06E1BBD5-8EA8-4352-A263-57017FAF1C5F}.Release|Any CPU.ActiveCfg = Release|Any CPU
		{06E1BBD5-8EA8-4352-A263-57017FAF1C5F}.Release|Any CPU.Build.0 = Release|Any CPU
		{C42D3142-9252-432A-9CCC-86886DE9E8D8}.Debug|Any CPU.ActiveCfg = Debug|Any CPU
		{C42D3142-9252-432A-9CCC-86886DE9E8D8}.Debug|Any CPU.Build.0 = Debug|Any CPU
		{C42D3142-9252-432A-9CCC-86886DE9E8D8}.Release|Any CPU.ActiveCfg = Release|Any CPU
		{C42D3142-9252-432A-9CCC-86886DE9E8D8}.Release|Any CPU.Build.0 = Release|Any CPU
		{C798237F-BB2A-4678-BCA5-EC89B4E08704}.Debug|Any CPU.ActiveCfg = Debug|Any CPU
		{C798237F-BB2A-4678-BCA5-EC89B4E08704}.Debug|Any CPU.Build.0 = Debug|Any CPU
		{C798237F-BB2A-4678-BCA5-EC89B4E08704}.Release|Any CPU.ActiveCfg = Release|Any CPU
		{C798237F-BB2A-4678-BCA5-EC89B4E08704}.Release|Any CPU.Build.0 = Release|Any CPU
	EndGlobalSection
EndGlobal
